{
  "requires": true,
  "lockfileVersion": 1,
  "dependencies": {
    "@slidev/theme-apple-basic": {
      "version": "0.19.0",
      "resolved": "https://registry.npmjs.org/@slidev/theme-apple-basic/-/theme-apple-basic-0.19.0.tgz",
      "integrity": "sha512-uPNwjZ80FISka+3pOHEFSWkAEa77BlEEWbYwIG5J7+BrjIRRLoUC1YJ47pLA4Tp3SMhAc6qhzB8Sy66HL4+QPg==",
      "requires": {
        "@slidev/types": "^0.19.3",
        "codemirror-theme-vars": "^0.1.1",
        "prism-theme-vars": "^0.2.2",
        "theme-vitesse": "^0.1.11"
      }
    },
    "@slidev/types": {
      "version": "0.19.9",
      "resolved": "https://registry.npmjs.org/@slidev/types/-/types-0.19.9.tgz",
      "integrity": "sha512-hpQeTIUbCwTFOw5m1h5TuJkwJhpZ77VUIaI4PDUboB1Unk9jaNl9Ok0dvLMWN9vlsKmqeVxhkonXTWNKPUBHjQ=="
    },
    "codemirror-theme-vars": {
      "version": "0.1.1",
      "resolved": "https://registry.npmjs.org/codemirror-theme-vars/-/codemirror-theme-vars-0.1.1.tgz",
      "integrity": "sha512-Au0Ysn6tUMZB/1Jd5S8g4Or1kZxTuTnNx6MVs9H46Ad7w8IEjkHusH+4oyia/FBcVuAJO4DIlkDnPM8Qnnf1rg=="
    },
    "prism-theme-vars": {
      "version": "0.2.2",
      "resolved": "https://registry.npmjs.org/prism-theme-vars/-/prism-theme-vars-0.2.2.tgz",
      "integrity": "sha512-EL9ifuU/F8tEldoCa2sspiiLWysCL54xDbf2gN/ubwdtbuJROqOGopG5kSwunapwaioT+jLUQ/Ky+7jnv62xJA=="
    },
    "theme-vitesse": {
      "version": "0.1.12",
      "resolved": "https://registry.npmjs.org/theme-vitesse/-/theme-vitesse-0.1.12.tgz",
      "integrity": "sha512-lJLDcQm9/It6Aj+dr6FUHx8Ppy7COi53Ui2iSP5B4DJxNM+spaUPIPIOileSM8kZn60KsfLsV6eQzoknuQa7/A=="
    }
  }
}
